// !$*UTF8*$!
{
	archiveVersion = 1;
	classes = {
	};
	objectVersion = 46;
	objects = {

/* Begin PBXBuildFile section */
		743651191B4E45CA0055E399 /* QHDanmuOperateView.m in Sources */ = {isa = PBXBuildFile; fileRef = 743651161B4E45CA0055E399 /* QHDanmuOperateView.m */; };
		7436511A1B4E45CA0055E399 /* QHDanmuSendView.m in Sources */ = {isa = PBXBuildFile; fileRef = 743651181B4E45CA0055E399 /* QHDanmuSendView.m */; };
		7436511C1B4E56220055E399 /* QHDanmuSource.plist in Resources */ = {isa = PBXBuildFile; fileRef = 7436511B1B4E56220055E399 /* QHDanmuSource.plist */; };
		7436511E1B4E70500055E399 /* README.md in Sources */ = {isa = PBXBuildFile; fileRef = 7436511D1B4E70500055E399 /* README.md */; };
		744871821B3F7E0700DB22B7 /* main.m in Sources */ = {isa = PBXBuildFile; fileRef = 744871811B3F7E0700DB22B7 /* main.m */; };
		744871851B3F7E0700DB22B7 /* AppDelegate.m in Sources */ = {isa = PBXBuildFile; fileRef = 744871841B3F7E0700DB22B7 /* AppDelegate.m */; };
		744871881B3F7E0700DB22B7 /* ViewController.m in Sources */ = {isa = PBXBuildFile; fileRef = 744871871B3F7E0700DB22B7 /* ViewController.m */; };
		7448718B1B3F7E0700DB22B7 /* Main.storyboard in Resources */ = {isa = PBXBuildFile; fileRef = 744871891B3F7E0700DB22B7 /* Main.storyboard */; };
		7448718D1B3F7E0700DB22B7 /* Images.xcassets in Resources */ = {isa = PBXBuildFile; fileRef = 7448718C1B3F7E0700DB22B7 /* Images.xcassets */; };
		744871901B3F7E0700DB22B7 /* LaunchScreen.xib in Resources */ = {isa = PBXBuildFile; fileRef = 7448718E1B3F7E0700DB22B7 /* LaunchScreen.xib */; };
		7448719C1B3F7E0700DB22B7 /* QHDanumuDemoTests.m in Sources */ = {isa = PBXBuildFile; fileRef = 7448719B1B3F7E0700DB22B7 /* QHDanumuDemoTests.m */; };
		744871AC1B3F84C600DB22B7 /* QHDanmuUtil.m in Sources */ = {isa = PBXBuildFile; fileRef = 744871AB1B3F84C600DB22B7 /* QHDanmuUtil.m */; };
		744871AF1B3F896100DB22B7 /* QHDanmuManager.m in Sources */ = {isa = PBXBuildFile; fileRef = 744871AE1B3F896100DB22B7 /* QHDanmuManager.m */; };
		744871B21B3F898700DB22B7 /* QHDanmuView.m in Sources */ = {isa = PBXBuildFile; fileRef = 744871B11B3F898700DB22B7 /* QHDanmuView.m */; };
		7463F96A1B45430A000E2150 /* QHDanmuLabel.m in Sources */ = {isa = PBXBuildFile; fileRef = 7463F9691B45430A000E2150 /* QHDanmuLabel.m */; };
		747652651B4F5CA700D8DD9D /* NSTimer+EOCBlocksSupport.m in Sources */ = {isa = PBXBuildFile; fileRef = 747652641B4F5CA700D8DD9D /* NSTimer+EOCBlocksSupport.m */; };
/* End PBXBuildFile section */

/* Begin PBXContainerItemProxy section */
		744871961B3F7E0700DB22B7 /* PBXContainerItemProxy */ = {
			isa = PBXContainerItemProxy;
			containerPortal = 744871741B3F7E0700DB22B7 /* Project object */;
			proxyType = 1;
			remoteGlobalIDString = 7448717B1B3F7E0700DB22B7;
			remoteInfo = QHDanumuDemo;
		};
/* End PBXContainerItemProxy section */

/* Begin PBXFileReference section */
		743651151B4E45CA0055E399 /* QHDanmuOperateView.h */ = {isa = PBXFileReference; fileEncoding = 4; lastKnownFileType = sourcecode.c.h; path = QHDanmuOperateView.h; sourceTree = "<group>"; };
		743651161B4E45CA0055E399 /* QHDanmuOperateView.m */ = {isa = PBXFileReference; fileEncoding = 4; lastKnownFileType = sourcecode.c.objc; path = QHDanmuOperateView.m; sourceTree = "<group>"; };
		743651171B4E45CA0055E399 /* QHDanmuSendView.h */ = {isa = PBXFileReference; fileEncoding = 4; lastKnownFileType = sourcecode.c.h; path = QHDanmuSendView.h; sourceTree = "<group>"; };
		743651181B4E45CA0055E399 /* QHDanmuSendView.m */ = {isa = PBXFileReference; fileEncoding = 4; lastKnownFileType = sourcecode.c.objc; path = QHDanmuSendView.m; sourceTree = "<group>"; };
		7436511B1B4E56220055E399 /* QHDanmuSource.plist */ = {isa = PBXFileReference; fileEncoding = 4; lastKnownFileType = text.plist.xml; path = QHDanmuSource.plist; sourceTree = "<group>"; };
		7436511D1B4E70500055E399 /* README.md */ = {isa = PBXFileReference; fileEncoding = 4; lastKnownFileType = net.daringfireball.markdown; path = README.md; sourceTree = SOURCE_ROOT; };
		7448717C1B3F7E0700DB22B7 /* QHDanumuDemo.app */ = {isa = PBXFileReference; explicitFileType = wrapper.application; includeInIndex = 0; path = QHDanumuDemo.app; sourceTree = BUILT_PRODUCTS_DIR; };
		744871801B3F7E0700DB22B7 /* Info.plist */ = {isa = PBXFileReference; lastKnownFileType = text.plist.xml; path = Info.plist; sourceTree = "<group>"; };
		744871811B3F7E0700DB22B7 /* main.m */ = {isa = PBXFileReference; lastKnownFileType = sourcecode.c.objc; path = main.m; sourceTree = "<group>"; };
		744871831B3F7E0700DB22B7 /* AppDelegate.h */ = {isa = PBXFileReference; lastKnownFileType = sourcecode.c.h; path = AppDelegate.h; sourceTree = "<group>"; };
		744871841B3F7E0700DB22B7 /* AppDelegate.m */ = {isa = PBXFileReference; lastKnownFileType = sourcecode.c.objc; path = AppDelegate.m; sourceTree = "<group>"; };
		744871861B3F7E0700DB22B7 /* ViewController.h */ = {isa = PBXFileReference; lastKnownFileType = sourcecode.c.h; path = ViewController.h; sourceTree = "<group>"; };
		744871871B3F7E0700DB22B7 /* ViewController.m */ = {isa = PBXFileReference; lastKnownFileType = sourcecode.c.objc; path = ViewController.m; sourceTree = "<group>"; };
		7448718A1B3F7E0700DB22B7 /* Base */ = {isa = PBXFileReference; lastKnownFileType = file.storyboard; name = Base; path = Base.lproj/Main.storyboard; sourceTree = "<group>"; };
		7448718C1B3F7E0700DB22B7 /* Images.xcassets */ = {isa = PBXFileReference; lastKnownFileType = folder.assetcatalog; path = Images.xcassets; sourceTree = "<group>"; };
		7448718F1B3F7E0700DB22B7 /* Base */ = {isa = PBXFileReference; lastKnownFileType = file.xib; name = Base; path = Base.lproj/LaunchScreen.xib; sourceTree = "<group>"; };
		744871951B3F7E0700DB22B7 /* QHDanumuDemoTests.xctest */ = {isa = PBXFileReference; explicitFileType = wrapper.cfbundle; includeInIndex = 0; path = QHDanumuDemoTests.xctest; sourceTree = BUILT_PRODUCTS_DIR; };
		7448719A1B3F7E0700DB22B7 /* Info.plist */ = {isa = PBXFileReference; lastKnownFileType = text.plist.xml; path = Info.plist; sourceTree = "<group>"; };
		7448719B1B3F7E0700DB22B7 /* QHDanumuDemoTests.m */ = {isa = PBXFileReference; lastKnownFileType = sourcecode.c.objc; path = QHDanumuDemoTests.m; sourceTree = "<group>"; };
		744871AA1B3F84C600DB22B7 /* QHDanmuUtil.h */ = {isa = PBXFileReference; fileEncoding = 4; lastKnownFileType = sourcecode.c.h; path = QHDanmuUtil.h; sourceTree = "<group>"; };
		744871AB1B3F84C600DB22B7 /* QHDanmuUtil.m */ = {isa = PBXFileReference; fileEncoding = 4; lastKnownFileType = sourcecode.c.objc; path = QHDanmuUtil.m; sourceTree = "<group>"; };
		744871AD1B3F896100DB22B7 /* QHDanmuManager.h */ = {isa = PBXFileReference; fileEncoding = 4; lastKnownFileType = sourcecode.c.h; path = QHDanmuManager.h; sourceTree = "<group>"; };
		744871AE1B3F896100DB22B7 /* QHDanmuManager.m */ = {isa = PBXFileReference; fileEncoding = 4; lastKnownFileType = sourcecode.c.objc; path = QHDanmuManager.m; sourceTree = "<group>"; };
		744871B01B3F898700DB22B7 /* QHDanmuView.h */ = {isa = PBXFileReference; fileEncoding = 4; lastKnownFileType = sourcecode.c.h; path = QHDanmuView.h; sourceTree = "<group>"; };
		744871B11B3F898700DB22B7 /* QHDanmuView.m */ = {isa = PBXFileReference; fileEncoding = 4; lastKnownFileType = sourcecode.c.objc; path = QHDanmuView.m; sourceTree = "<group>"; };
		7463F9681B45430A000E2150 /* QHDanmuLabel.h */ = {isa = PBXFileReference; fileEncoding = 4; lastKnownFileType = sourcecode.c.h; path = QHDanmuLabel.h; sourceTree = "<group>"; };
		7463F9691B45430A000E2150 /* QHDanmuLabel.m */ = {isa = PBXFileReference; fileEncoding = 4; lastKnownFileType = sourcecode.c.objc; path = QHDanmuLabel.m; sourceTree = "<group>"; };
		747652631B4F5CA700D8DD9D /* NSTimer+EOCBlocksSupport.h */ = {isa = PBXFileReference; fileEncoding = 4; lastKnownFileType = sourcecode.c.h; path = "NSTimer+EOCBlocksSupport.h"; sourceTree = "<group>"; };
		747652641B4F5CA700D8DD9D /* NSTimer+EOCBlocksSupport.m */ = {isa = PBXFileReference; fileEncoding = 4; lastKnownFileType = sourcecode.c.objc; path = "NSTimer+EOCBlocksSupport.m"; sourceTree = "<group>"; };
/* End PBXFileReference section */

/* Begin PBXFrameworksBuildPhase section */
		744871791B3F7E0700DB22B7 /* Frameworks */ = {
			isa = PBXFrameworksBuildPhase;
			buildActionMask = 2147483647;
			files = (
			);
			runOnlyForDeploymentPostprocessing = 0;
		};
		744871921B3F7E0700DB22B7 /* Frameworks */ = {
			isa = PBXFrameworksBuildPhase;
			buildActionMask = 2147483647;
			files = (
			);
			runOnlyForDeploymentPostprocessing = 0;
		};
/* End PBXFrameworksBuildPhase section */

/* Begin PBXGroup section */
		743651141B4E45CA0055E399 /* QHDanmuSend */ = {
			isa = PBXGroup;
			children = (
				743651171B4E45CA0055E399 /* QHDanmuSendView.h */,
				743651181B4E45CA0055E399 /* QHDanmuSendView.m */,
				743651151B4E45CA0055E399 /* QHDanmuOperateView.h */,
				743651161B4E45CA0055E399 /* QHDanmuOperateView.m */,
			);
			path = QHDanmuSend;
			sourceTree = "<group>";
		};
		744871731B3F7E0700DB22B7 = {
			isa = PBXGroup;
			children = (
				7448717E1B3F7E0700DB22B7 /* QHDanumuDemo */,
				744871981B3F7E0700DB22B7 /* QHDanumuDemoTests */,
				7448717D1B3F7E0700DB22B7 /* Products */,
			);
			sourceTree = "<group>";
		};
		7448717D1B3F7E0700DB22B7 /* Products */ = {
			isa = PBXGroup;
			children = (
				7448717C1B3F7E0700DB22B7 /* QHDanumuDemo.app */,
				744871951B3F7E0700DB22B7 /* QHDanumuDemoTests.xctest */,
			);
			name = Products;
			sourceTree = "<group>";
		};
		7448717E1B3F7E0700DB22B7 /* QHDanumuDemo */ = {
			isa = PBXGroup;
			children = (
				7436511D1B4E70500055E399 /* README.md */,
				743651141B4E45CA0055E399 /* QHDanmuSend */,
				744871A51B3F7E2600DB22B7 /* QHDanmu */,
				747652621B4F5C4A00D8DD9D /* Category */,
				744871831B3F7E0700DB22B7 /* AppDelegate.h */,
				744871841B3F7E0700DB22B7 /* AppDelegate.m */,
				744871861B3F7E0700DB22B7 /* ViewController.h */,
				744871871B3F7E0700DB22B7 /* ViewController.m */,
				7436511B1B4E56220055E399 /* QHDanmuSource.plist */,
				744871891B3F7E0700DB22B7 /* Main.storyboard */,
				7448718C1B3F7E0700DB22B7 /* Images.xcassets */,
				7448718E1B3F7E0700DB22B7 /* LaunchScreen.xib */,
				7448717F1B3F7E0700DB22B7 /* Supporting Files */,
			);
			path = QHDanumuDemo;
			sourceTree = "<group>";
		};
		7448717F1B3F7E0700DB22B7 /* Supporting Files */ = {
			isa = PBXGroup;
			children = (
				744871801B3F7E0700DB22B7 /* Info.plist */,
				744871811B3F7E0700DB22B7 /* main.m */,
			);
			name = "Supporting Files";
			sourceTree = "<group>";
		};
		744871981B3F7E0700DB22B7 /* QHDanumuDemoTests */ = {
			isa = PBXGroup;
			children = (
				7448719B1B3F7E0700DB22B7 /* QHDanumuDemoTests.m */,
				744871991B3F7E0700DB22B7 /* Supporting Files */,
			);
			path = QHDanumuDemoTests;
			sourceTree = "<group>";
		};
		744871991B3F7E0700DB22B7 /* Supporting Files */ = {
			isa = PBXGroup;
			children = (
				7448719A1B3F7E0700DB22B7 /* Info.plist */,
			);
			name = "Supporting Files";
			sourceTree = "<group>";
		};
		744871A51B3F7E2600DB22B7 /* QHDanmu */ = {
			isa = PBXGroup;
			children = (
				744871AD1B3F896100DB22B7 /* QHDanmuManager.h */,
				744871AE1B3F896100DB22B7 /* QHDanmuManager.m */,
				7463F9681B45430A000E2150 /* QHDanmuLabel.h */,
				7463F9691B45430A000E2150 /* QHDanmuLabel.m */,
				744871B01B3F898700DB22B7 /* QHDanmuView.h */,
				744871B11B3F898700DB22B7 /* QHDanmuView.m */,
				744871AA1B3F84C600DB22B7 /* QHDanmuUtil.h */,
				744871AB1B3F84C600DB22B7 /* QHDanmuUtil.m */,
			);
			path = QHDanmu;
			sourceTree = "<group>";
		};
		747652621B4F5C4A00D8DD9D /* Category */ = {
			isa = PBXGroup;
			children = (
				747652631B4F5CA700D8DD9D /* NSTimer+EOCBlocksSupport.h */,
				747652641B4F5CA700D8DD9D /* NSTimer+EOCBlocksSupport.m */,
			);
			name = Category;
			sourceTree = "<group>";
		};
/* End PBXGroup section */

/* Begin PBXNativeTarget section */
		7448717B1B3F7E0700DB22B7 /* QHDanumuDemo */ = {
			isa = PBXNativeTarget;
			buildConfigurationList = 7448719F1B3F7E0700DB22B7 /* Build configuration list for PBXNativeTarget "QHDanumuDemo" */;
			buildPhases = (
				744871781B3F7E0700DB22B7 /* Sources */,
				744871791B3F7E0700DB22B7 /* Frameworks */,
				7448717A1B3F7E0700DB22B7 /* Resources */,
			);
			buildRules = (
			);
			dependencies = (
			);
			name = QHDanumuDemo;
			productName = QHDanumuDemo;
			productReference = 7448717C1B3F7E0700DB22B7 /* QHDanumuDemo.app */;
			productType = "com.apple.product-type.application";
		};
		744871941B3F7E0700DB22B7 /* QHDanumuDemoTests */ = {
			isa = PBXNativeTarget;
			buildConfigurationList = 744871A21B3F7E0700DB22B7 /* Build configuration list for PBXNativeTarget "QHDanumuDemoTests" */;
			buildPhases = (
				744871911B3F7E0700DB22B7 /* Sources */,
				744871921B3F7E0700DB22B7 /* Frameworks */,
				744871931B3F7E0700DB22B7 /* Resources */,
			);
			buildRules = (
			);
			dependencies = (
				744871971B3F7E0700DB22B7 /* PBXTargetDependency */,
			);
			name = QHDanumuDemoTests;
			productName = QHDanumuDemoTests;
			productReference = 744871951B3F7E0700DB22B7 /* QHDanumuDemoTests.xctest */;
			productType = "com.apple.product-type.bundle.unit-test";
		};
/* End PBXNativeTarget section */

/* Begin PBXProject section */
		744871741B3F7E0700DB22B7 /* Project object */ = {
			isa = PBXProject;
			attributes = {
				LastUpgradeCheck = 0610;
				ORGANIZATIONNAME = chen;
				TargetAttributes = {
					7448717B1B3F7E0700DB22B7 = {
						CreatedOnToolsVersion = 6.1;
					};
					744871941B3F7E0700DB22B7 = {
						CreatedOnToolsVersion = 6.1;
						TestTargetID = 7448717B1B3F7E0700DB22B7;
					};
				};
			};
			buildConfigurationList = 744871771B3F7E0700DB22B7 /* Build configuration list for PBXProject "QHDanumuDemo" */;
			compatibilityVersion = "Xcode 3.2";
			developmentRegion = English;
			hasScannedForEncodings = 0;
			knownRegions = (
				en,
				Base,
			);
			mainGroup = 744871731B3F7E0700DB22B7;
			productRefGroup = 7448717D1B3F7E0700DB22B7 /* Products */;
			projectDirPath = "";
			projectRoot = "";
			targets = (
				7448717B1B3F7E0700DB22B7 /* QHDanumuDemo */,
				744871941B3F7E0700DB22B7 /* QHDanumuDemoTests */,
			);
		};
/* End PBXProject section */

/* Begin PBXResourcesBuildPhase section */
		7448717A1B3F7E0700DB22B7 /* Resources */ = {
			isa = PBXResourcesBuildPhase;
			buildActionMask = 2147483647;
			files = (
				7436511C1B4E56220055E399 /* QHDanmuSource.plist in Resources */,
				7448718B1B3F7E0700DB22B7 /* Main.storyboard in Resources */,
				744871901B3F7E0700DB22B7 /* LaunchScreen.xib in Resources */,
				7448718D1B3F7E0700DB22B7 /* Images.xcassets in Resources */,
			);
			runOnlyForDeploymentPostprocessing = 0;
		};
		744871931B3F7E0700DB22B7 /* Resources */ = {
			isa = PBXResourcesBuildPhase;
			buildActionMask = 2147483647;
			files = (
			);
			runOnlyForDeploymentPostprocessing = 0;
		};
/* End PBXResourcesBuildPhase section */

/* Begin PBXSourcesBuildPhase section */
		744871781B3F7E0700DB22B7 /* Sources */ = {
			isa = PBXSourcesBuildPhase;
			buildActionMask = 2147483647;
			files = (
				744871AF1B3F896100DB22B7 /* QHDanmuManager.m in Sources */,
				744871881B3F7E0700DB22B7 /* ViewController.m in Sources */,
				744871851B3F7E0700DB22B7 /* AppDelegate.m in Sources */,
				7436511A1B4E45CA0055E399 /* QHDanmuSendView.m in Sources */,
				744871821B3F7E0700DB22B7 /* main.m in Sources */,
				7463F96A1B45430A000E2150 /* QHDanmuLabel.m in Sources */,
				747652651B4F5CA700D8DD9D /* NSTimer+EOCBlocksSupport.m in Sources */,
				744871B21B3F898700DB22B7 /* QHDanmuView.m in Sources */,
				743651191B4E45CA0055E399 /* QHDanmuOperateView.m in Sources */,
				7436511E1B4E70500055E399 /* README.md in Sources */,
				744871AC1B3F84C600DB22B7 /* QHDanmuUtil.m in Sources */,
			);
			runOnlyForDeploymentPostprocessing = 0;
		};
		744871911B3F7E0700DB22B7 /* Sources */ = {
			isa = PBXSourcesBuildPhase;
			buildActionMask = 2147483647;
			files = (
				7448719C1B3F7E0700DB22B7 /* QHDanumuDemoTests.m in Sources */,
			);
			runOnlyForDeploymentPostprocessing = 0;
		};
/* End PBXSourcesBuildPhase section */

/* Begin PBXTargetDependency section */
		744871971B3F7E0700DB22B7 /* PBXTargetDependency */ = {
			isa = PBXTargetDependency;
			target = 7448717B1B3F7E0700DB22B7 /* QHDanumuDemo */;
			targetProxy = 744871961B3F7E0700DB22B7 /* PBXContainerItemProxy */;
		};
/* End PBXTargetDependency section */

/* Begin PBXVariantGroup section */
		744871891B3F7E0700DB22B7 /* Main.storyboard */ = {
			isa = PBXVariantGroup;
			children = (
				7448718A1B3F7E0700DB22B7 /* Base */,
			);
			name = Main.storyboard;
			sourceTree = "<group>";
		};
		7448718E1B3F7E0700DB22B7 /* LaunchScreen.xib */ = {
			isa = PBXVariantGroup;
			children = (
				7448718F1B3F7E0700DB22B7 /* Base */,
			);
			name = LaunchScreen.xib;
			sourceTree = "<group>";
		};
/* End PBXVariantGroup section */

/* Begin XCBuildConfiguration section */
		7448719D1B3F7E0700DB22B7 /* Debug */ = {
			isa = XCBuildConfiguration;
			buildSettings = {
				ALWAYS_SEARCH_USER_PATHS = NO;
				CLANG_CXX_LANGUAGE_STANDARD = "gnu++0x";
				CLANG_CXX_LIBRARY = "libc++";
				CLANG_ENABLE_MODULES = YES;
				CLANG_ENABLE_OBJC_ARC = YES;
				CLANG_WARN_BOOL_CONVERSION = YES;
				CLANG_WARN_CONSTANT_CONVERSION = YES;
				CLANG_WARN_DIRECT_OBJC_ISA_USAGE = YES_ERROR;
				CLANG_WARN_EMPTY_BODY = YES;
				CLANG_WARN_ENUM_CONVERSION = YES;
				CLANG_WARN_INT_CONVERSION = YES;
				CLANG_WARN_OBJC_ROOT_CLASS = YES_ERROR;
				CLANG_WARN_UNREACHABLE_CODE = YES;
				CLANG_WARN__DUPLICATE_METHOD_MATCH = YES;
				"CODE_SIGN_IDENTITY[sdk=iphoneos*]" = "iPhone Developer";
				COPY_PHASE_STRIP = NO;
				ENABLE_STRICT_OBJC_MSGSEND = YES;
				GCC_C_LANGUAGE_STANDARD = gnu99;
				GCC_DYNAMIC_NO_PIC = NO;
				GCC_OPTIMIZATION_LEVEL = 0;
				GCC_PREPROCESSOR_DEFINITIONS = (
					"DEBUG=1",
					"$(inherited)",
				);
				GCC_SYMBOLS_PRIVATE_EXTERN = NO;
				GCC_WARN_64_TO_32_BIT_CONVERSION = YES;
				GCC_WARN_ABOUT_RETURN_TYPE = YES_ERROR;
				GCC_WARN_UNDECLARED_SELECTOR = YES;
				GCC_WARN_UNINITIALIZED_AUTOS = YES_AGGRESSIVE;
				GCC_WARN_UNUSED_FUNCTION = YES;
				GCC_WARN_UNUSED_VARIABLE = YES;
				IPHONEOS_DEPLOYMENT_TARGET = 8.1;
				MTL_ENABLE_DEBUG_INFO = YES;
				ONLY_ACTIVE_ARCH = YES;
				SDKROOT = iphoneos;
			};
			name = Debug;
		};
		7448719E1B3F7E0700DB22B7 /* Release */ = {
			isa = XCBuildConfiguration;
			buildSettings = {
				ALWAYS_SEARCH_USER_PATHS = NO;
				CLANG_CXX_LANGUAGE_STANDARD = "gnu++0x";
				CLANG_CXX_LIBRARY = "libc++";
				CLANG_ENABLE_MODULES = YES;
				CLANG_ENABLE_OBJC_ARC = YES;
				CLANG_WARN_BOOL_CONVERSION = YES;
				CLANG_WARN_CONSTANT_CONVERSION = YES;
				CLANG_WARN_DIRECT_OBJC_ISA_USAGE = YES_ERROR;
				CLANG_WARN_EMPTY_BODY = YES;
				CLANG_WARN_ENUM_CONVERSION = YES;
				CLANG_WARN_INT_CONVERSION = YES;
				CLANG_WARN_OBJC_ROOT_CLASS = YES_ERROR;
				CLANG_WARN_UNREACHABLE_CODE = YES;
				CLANG_WARN__DUPLICATE_METHOD_MATCH = YES;
				"CODE_SIGN_IDENTITY[sdk=iphoneos*]" = "iPhone Developer";
				COPY_PHASE_STRIP = YES;
				ENABLE_NS_ASSERTIONS = NO;
				ENABLE_STRICT_OBJC_MSGSEND = YES;
				GCC_C_LANGUAGE_STANDARD = gnu99;
				GCC_WARN_64_TO_32_BIT_CONVERSION = YES;
				GCC_WARN_ABOUT_RETURN_TYPE = YES_ERROR;
				GCC_WARN_UNDECLARED_SELECTOR = YES;
				GCC_WARN_UNINITIALIZED_AUTOS = YES_AGGRESSIVE;
				GCC_WARN_UNUSED_FUNCTION = YES;
				GCC_WARN_UNUSED_VARIABLE = YES;
				IPHONEOS_DEPLOYMENT_TARGET = 8.1;
				MTL_ENABLE_DEBUG_INFO = NO;
				SDKROOT = iphoneos;
				VALIDATE_PRODUCT = YES;
			};
			name = Release;
		};
		744871A01B3F7E0700DB22B7 /* Debug */ = {
			isa = XCBuildConfiguration;
			buildSettings = {
				ASSETCATALOG_COMPILER_APPICON_NAME = AppIcon;
				INFOPLIST_FILE = QHDanumuDemo/Info.plist;
				IPHONEOS_DEPLOYMENT_TARGET = 7.0;
				LD_RUNPATH_SEARCH_PATHS = "$(inherited) @executable_path/Frameworks";
				PRODUCT_NAME = "$(TARGET_NAME)";
			};
			name = Debug;
		};
		744871A11B3F7E0700DB22B7 /* Release */ = {
			isa = XCBuildConfiguration;
			buildSettings = {
				ASSETCATALOG_COMPILER_APPICON_NAME = AppIcon;
				INFOPLIST_FILE = QHDanumuDemo/Info.plist;
				IPHONEOS_DEPLOYMENT_TARGET = 7.0;
				LD_RUNPATH_SEARCH_PATHS = "$(inherited) @executable_path/Frameworks";
				PRODUCT_NAME = "$(TARGET_NAME)";
			};
			name = Release;
		};
		744871A31B3F7E0700DB22B7 /* Debug */ = {
			isa = XCBuildConfiguration;
			buildSettings = {
				BUNDLE_LOADER = "$(TEST_HOST)";
				FRAMEWORK_SEARCH_PATHS = (
					"$(SDKROOT)/Developer/Library/Frameworks",
					"$(inherited)",
				);
				GCC_PREPROCESSOR_DEFINITIONS = (
					"DEBUG=1",
					"$(inherited)",
				);
				INFOPLIST_FILE = QHDanumuDemoTests/Info.plist;
				LD_RUNPATH_SEARCH_PATHS = "$(inherited) @executable_path/Frameworks @loader_path/Frameworks";
				PRODUCT_NAME = "$(TARGET_NAME)";
				TEST_HOST = "$(BUILT_PRODUCTS_DIR)/QHDanumuDemo.app/QHDanumuDemo";
			};
			name = Debug;
		};
		744871A41B3F7E0700DB22B7 /* Release */ = {
			isa = XCBuildConfiguration;
			buildSettings = {
				BUNDLE_LOADER = "$(TEST_HOST)";
				FRAMEWORK_SEARCH_PATHS = (
					"$(SDKROOT)/Developer/Library/Frameworks",
					"$(inherited)",
				);
				INFOPLIST_FILE = QHDanumuDemoTests/Info.plist;
				LD_RUNPATH_SEARCH_PATHS = "$(inherited) @executable_path/Frameworks @loader_path/Frameworks";
				PRODUCT_NAME = "$(TARGET_NAME)";
				TEST_HOST = "$(BUILT_PRODUCTS_DIR)/QHDanumuDemo.app/QHDanumuDemo";
			};
			name = Release;
		};
/* End XCBuildConfiguration section */

/* Begin XCConfigurationList section */
		744871771B3F7E0700DB22B7 /* Build configuration list for PBXProject "QHDanumuDemo" */ = {
			isa = XCConfigurationList;
			buildConfigurations = (
				7448719D1B3F7E0700DB22B7 /* Debug */,
				7448719E1B3F7E0700DB22B7 /* Release */,
			);
			defaultConfigurationIsVisible = 0;
			defaultConfigurationName = Release;
		};
		7448719F1B3F7E0700DB22B7 /* Build configuration list for PBXNativeTarget "QHDanumuDemo" */ = {
			isa = XCConfigurationList;
			buildConfigurations = (
				744871A01B3F7E0700DB22B7 /* Debug */,
				744871A11B3F7E0700DB22B7 /* Release */,
			);
			defaultConfigurationIsVisible = 0;
			defaultConfigurationName = Release;
		};
		744871A21B3F7E0700DB22B7 /* Build configuration list for PBXNativeTarget "QHDanumuDemoTests" */ = {
			isa = XCConfigurationList;
			buildConfigurations = (
				744871A31B3F7E0700DB22B7 /* Debug */,
				744871A41B3F7E0700DB22B7 /* Release */,
			);
			defaultConfigurationIsVisible = 0;
			defaultConfigurationName = Release;
		};
/* End XCConfigurationList section */
	};
	rootObject = 744871741B3F7E0700DB22B7 /* Project object */;
}
